
Microsoft Visual Studio Solution File, Format Version 12.00
# Visual Studio Version 17
VisualStudioVersion = 17.1.32421.90
MinimumVisualStudioVersion = 10.0.40219.1
Project("{FAE04EC0-301F-11D3-BF4B-00C04F79EFBC}") = "W10_Example_Test", "W10_Example_Test\W10_Example_Test.csproj", "{162269B1-B1E6-4026-9A93-9FD45E473E28}"
EndProject
Global
	GlobalSection(SolutionConfigurationPlatforms) = preSolution
		Debug|Any CPU = Debug|Any CPU
		Release|Any CPU = Release|Any CPU
	EndGlobalSection
	GlobalSection(ProjectConfigurationPlatforms) = postSolution
		{162269B1-B1E6-4026-9A93-9FD45E473E28}.Debug|Any CPU.ActiveCfg = Debug|Any CPU
		{162269B1-B1E6-4026-9A93-9FD45E473E28}.Debug|Any CPU.Build.0 = Debug|Any CPU
		{162269B1-B1E6-4026-9A93-9FD45E473E28}.Release|Any CPU.ActiveCfg = Release|Any CPU
		{162269B1-B1E6-4026-9A93-9FD45E473E28}.Release|Any CPU.Build.0 = Release|Any CPU
	EndGlobalSection
	GlobalSection(SolutionProperties) = preSolution
		HideSolutionNode = FALSE
	EndGlobalSection
	GlobalSection(ExtensibilityGlobals) = postSolution
		SolutionGuid = {4A9A01A9-1672-4F4E-B4DE-5CB7685420F9}
	EndGlobalSection
EndGlobal
